
Microsoft Visual Studio Solution File, Format Version 12.00
# Visual Studio Version 16
VisualStudioVersion = 16.6.30114.105
MinimumVisualStudioVersion = 10.0.40219.1
Project("{2150E333-8FDC-42A3-9474-1A3956D46DE8}") = "src", "src", "{794B8C0F-11C9-49E2-8159-211AE6ABC411}"
EndProject
Project("{9A19103F-16F7-4668-BE54-9A1E7A4F7556}") = "Iteris.Meetup.CQRS.Api", "src\Iteris.Meetup.CQRS.Api\Iteris.Meetup.CQRS.Api.csproj", "{07C1E321-2AEC-4190-AF75-BE3CDD1B244F}"
EndProject
Project("{2150E333-8FDC-42A3-9474-1A3956D46DE8}") = "test", "test", "{33F425C4-3911-4C74-BDC9-52F4E909D7D6}"
EndProject
Project("{9A19103F-16F7-4668-BE54-9A1E7A4F7556}") = "Iteris.Meetup.CQRS.Test", "test\Iteris.Meetup.CQRS.Test\Iteris.Meetup.CQRS.Test.csproj", "{7B3667C2-06A5-4684-8919-C8EC2C109478}"
EndProject
Project("{2150E333-8FDC-42A3-9474-1A3956D46DE8}") = "Solution Items", "Solution Items", "{72BC6F35-4A39-4EE0-A26A-5D56DF3AEADF}"
	ProjectSection(SolutionItems) = preProject
		.gitignore = .gitignore
		data.db = data.db
		README.md = README.md
	EndProjectSection
EndProject
Project("{9A19103F-16F7-4668-BE54-9A1E7A4F7556}") = "Iteris.Meetup.CQRS.Data", "src\Iteris.Meetup.CQRS.Data\Iteris.Meetup.CQRS.Data.csproj", "{D3EEC087-92A4-44D0-945C-88C387260AF5}"
EndProject
Project("{9A19103F-16F7-4668-BE54-9A1E7A4F7556}") = "Iteris.Meetup.CQRS.Application", "src\Iteris.Meetup.CQRS.Application\Iteris.Meetup.CQRS.Application.csproj", "{F85BBCF4-B19B-464D-8627-91E1B12290B4}"
EndProject
Project("{9A19103F-16F7-4668-BE54-9A1E7A4F7556}") = "Iteris.Meetup.CQRS.Domain", "src\Iteris.Meetup.CQRS.Domain\Iteris.Meetup.CQRS.Domain.csproj", "{BA8AC0F8-A766-4B64-94E9-0EEA73EDD249}"
EndProject
Project("{FAE04EC0-301F-11D3-BF4B-00C04F79EFBC}") = "Iteris.Meetup.CQRS.CrossCutting", "src\Iteris.Meetup.CQRS.CrossCutting\Iteris.Meetup.CQRS.CrossCutting.csproj", "{4CAE6523-CB81-4ED0-B929-61707668A2DB}"
EndProject
Global
	GlobalSection(SolutionConfigurationPlatforms) = preSolution
		Debug|Any CPU = Debug|Any CPU
		Debug|x64 = Debug|x64
		Debug|x86 = Debug|x86
		Release|Any CPU = Release|Any CPU
		Release|x64 = Release|x64
		Release|x86 = Release|x86
	EndGlobalSection
	GlobalSection(ProjectConfigurationPlatforms) = postSolution
		{07C1E321-2AEC-4190-AF75-BE3CDD1B244F}.Debug|Any CPU.ActiveCfg = Debug|Any CPU
		{07C1E321-2AEC-4190-AF75-BE3CDD1B244F}.Debug|Any CPU.Build.0 = Debug|Any CPU
		{07C1E321-2AEC-4190-AF75-BE3CDD1B244F}.Debug|x64.ActiveCfg = Debug|Any CPU
		{07C1E321-2AEC-4190-AF75-BE3CDD1B244F}.Debug|x64.Build.0 = Debug|Any CPU
		{07C1E321-2AEC-4190-AF75-BE3CDD1B244F}.Debug|x86.ActiveCfg = Debug|Any CPU
		{07C1E321-2AEC-4190-AF75-BE3CDD1B244F}.Debug|x86.Build.0 = Debug|Any CPU
		{07C1E321-2AEC-4190-AF75-BE3CDD1B244F}.Release|Any CPU.ActiveCfg = Release|Any CPU
		{07C1E321-2AEC-4190-AF75-BE3CDD1B244F}.Release|Any CPU.Build.0 = Release|Any CPU
		{07C1E321-2AEC-4190-AF75-BE3CDD1B244F}.Release|x64.ActiveCfg = Release|Any CPU
		{07C1E321-2AEC-4190-AF75-BE3CDD1B244F}.Release|x64.Build.0 = Release|Any CPU
		{07C1E321-2AEC-4190-AF75-BE3CDD1B244F}.Release|x86.ActiveCfg = Release|Any CPU
		{07C1E321-2AEC-4190-AF75-BE3CDD1B244F}.Release|x86.Build.0 = Release|Any CPU
		{7B3667C2-06A5-4684-8919-C8EC2C109478}.Debug|Any CPU.ActiveCfg = Debug|Any CPU
		{7B3667C2-06A5-4684-8919-C8EC2C109478}.Debug|Any CPU.Build.0 = Debug|Any CPU
		{7B3667C2-06A5-4684-8919-C8EC2C109478}.Debug|x64.ActiveCfg = Debug|Any CPU
		{7B3667C2-06A5-4684-8919-C8EC2C109478}.Debug|x64.Build.0 = Debug|Any CPU
		{7B3667C2-06A5-4684-8919-C8EC2C109478}.Debug|x86.ActiveCfg = Debug|Any CPU
		{7B3667C2-06A5-4684-8919-C8EC2C109478}.Debug|x86.Build.0 = Debug|Any CPU
		{7B3667C2-06A5-4684-8919-C8EC2C109478}.Release|Any CPU.ActiveCfg = Release|Any CPU
		{7B3667C2-06A5-4684-8919-C8EC2C109478}.Release|Any CPU.Build.0 = Release|Any CPU
		{7B3667C2-06A5-4684-8919-C8EC2C109478}.Release|x64.ActiveCfg = Release|Any CPU
		{7B3667C2-06A5-4684-8919-C8EC2C109478}.Release|x64.Build.0 = Release|Any CPU
		{7B3667C2-06A5-4684-8919-C8EC2C109478}.Release|x86.ActiveCfg = Release|Any CPU
		{7B3667C2-06A5-4684-8919-C8EC2C109478}.Release|x86.Build.0 = Release|Any CPU
		{D3EEC087-92A4-44D0-945C-88C387260AF5}.Debug|Any CPU.ActiveCfg = Debug|Any CPU
		{D3EEC087-92A4-44D0-945C-88C387260AF5}.Debug|Any CPU.Build.0 = Debug|Any CPU
		{D3EEC087-92A4-44D0-945C-88C387260AF5}.Debug|x64.ActiveCfg = Debug|Any CPU
		{D3EEC087-92A4-44D0-945C-88C387260AF5}.Debug|x64.Build.0 = Debug|Any CPU
		{D3EEC087-92A4-44D0-945C-88C387260AF5}.Debug|x86.ActiveCfg = Debug|Any CPU
		{D3EEC087-92A4-44D0-945C-88C387260AF5}.Debug|x86.Build.0 = Debug|Any CPU
		{D3EEC087-92A4-44D0-945C-88C387260AF5}.Release|Any CPU.ActiveCfg = Release|Any CPU
		{D3EEC087-92A4-44D0-945C-88C387260AF5}.Release|Any CPU.Build.0 = Release|Any CPU
		{D3EEC087-92A4-44D0-945C-88C387260AF5}.Release|x64.ActiveCfg = Release|Any CPU
		{D3EEC087-92A4-44D0-945C-88C387260AF5}.Release|x64.Build.0 = Release|Any CPU
		{D3EEC087-92A4-44D0-945C-88C387260AF5}.Release|x86.ActiveCfg = Release|Any CPU
		{D3EEC087-92A4-44D0-945C-88C387260AF5}.Release|x86.Build.0 = Release|Any CPU
		{F85BBCF4-B19B-464D-8627-91E1B12290B4}.Debug|Any CPU.ActiveCfg = Debug|Any CPU
		{F85BBCF4-B19B-464D-8627-91E1B12290B4}.Debug|Any CPU.Build.0 = Debug|Any CPU
		{F85BBCF4-B19B-464D-8627-91E1B12290B4}.Debug|x64.ActiveCfg = Debug|Any CPU
		{F85BBCF4-B19B-464D-8627-91E1B12290B4}.Debug|x64.Build.0 = Debug|Any CPU
		{F85BBCF4-B19B-464D-8627-91E1B12290B4}.Debug|x86.ActiveCfg = Debug|Any CPU
		{F85BBCF4-B19B-464D-8627-91E1B12290B4}.Debug|x86.Build.0 = Debug|Any CPU
		{F85BBCF4-B19B-464D-8627-91E1B12290B4}.Release|Any CPU.ActiveCfg = Release|Any CPU
		{F85BBCF4-B19B-464D-8627-91E1B12290B4}.Release|Any CPU.Build.0 = Release|Any CPU
		{F85BBCF4-B19B-464D-8627-91E1B12290B4}.Release|x64.ActiveCfg = Release|Any CPU
		{F85BBCF4-B19B-464D-8627-91E1B12290B4}.Release|x64.Build.0 = Release|Any CPU
		{F85BBCF4-B19B-464D-8627-91E1B12290B4}.Release|x86.ActiveCfg = Release|Any CPU
		{F85BBCF4-B19B-464D-8627-91E1B12290B4}.Release|x86.Build.0 = Release|Any CPU
		{BA8AC0F8-A766-4B64-94E9-0EEA73EDD249}.Debug|Any CPU.ActiveCfg = Debug|Any CPU
		{BA8AC0F8-A766-4B64-94E9-0EEA73EDD249}.Debug|Any CPU.Build.0 = Debug|Any CPU
		{BA8AC0F8-A766-4B64-94E9-0EEA73EDD249}.Debug|x64.ActiveCfg = Debug|Any CPU
		{BA8AC0F8-A766-4B64-94E9-0EEA73EDD249}.Debug|x64.Build.0 = Debug|Any CPU
		{BA8AC0F8-A766-4B64-94E9-0EEA73EDD249}.Debug|x86.ActiveCfg = Debug|Any CPU
		{BA8AC0F8-A766-4B64-94E9-0EEA73EDD249}.Debug|x86.Build.0 = Debug|Any CPU
		{BA8AC0F8-A766-4B64-94E9-0EEA73EDD249}.Release|Any CPU.ActiveCfg = Release|Any CPU
		{BA8AC0F8-A766-4B64-94E9-0EEA73EDD249}.Release|Any CPU.Build.0 = Release|Any CPU
		{BA8AC0F8-A766-4B64-94E9-0EEA73EDD249}.Release|x64.ActiveCfg = Release|Any CPU
		{BA8AC0F8-A766-4B64-94E9-0EEA73EDD249}.Release|x64.Build.0 = Release|Any CPU
		{BA8AC0F8-A766-4B64-94E9-0EEA73EDD249}.Release|x86.ActiveCfg = Release|Any CPU
		{BA8AC0F8-A766-4B64-94E9-0EEA73EDD249}.Release|x86.Build.0 = Release|Any CPU
		{4CAE6523-CB81-4ED0-B929-61707668A2DB}.Debug|Any CPU.ActiveCfg = Debug|Any CPU
		{4CAE6523-CB81-4ED0-B929-61707668A2DB}.Debug|Any CPU.Build.0 = Debug|Any CPU
		{4CAE6523-CB81-4ED0-B929-61707668A2DB}.Debug|x64.ActiveCfg = Debug|Any CPU
		{4CAE6523-CB81-4ED0-B929-61707668A2DB}.Debug|x64.Build.0 = Debug|Any CPU
		{4CAE6523-CB81-4ED0-B929-61707668A2DB}.Debug|x86.ActiveCfg = Debug|Any CPU
		{4CAE6523-CB81-4ED0-B929-61707668A2DB}.Debug|x86.Build.0 = Debug|Any CPU
		{4CAE6523-CB81-4ED0-B929-61707668A2DB}.Release|Any CPU.ActiveCfg = Release|Any CPU
		{4CAE6523-CB81-4ED0-B929-61707668A2DB}.Release|Any CPU.Build.0 = Release|Any CPU
		{4CAE6523-CB81-4ED0-B929-61707668A2DB}.Release|x64.ActiveCfg = Release|Any CPU
		{4CAE6523-CB81-4ED0-B929-61707668A2DB}.Release|x64.Build.0 = Release|Any CPU
		{4CAE6523-CB81-4ED0-B929-61707668A2DB}.Release|x86.ActiveCfg = Release|Any CPU
		{4CAE6523-CB81-4ED0-B929-61707668A2DB}.Release|x86.Build.0 = Release|Any CPU
	EndGlobalSection
	GlobalSection(SolutionProperties) = preSolution
		HideSolutionNode = FALSE
	EndGlobalSection
	GlobalSection(NestedProjects) = preSolution
		{07C1E321-2AEC-4190-AF75-BE3CDD1B244F} = {794B8C0F-11C9-49E2-8159-211AE6ABC411}
		{7B3667C2-06A5-4684-8919-C8EC2C109478} = {33F425C4-3911-4C74-BDC9-52F4E909D7D6}
		{D3EEC087-92A4-44D0-945C-88C387260AF5} = {794B8C0F-11C9-49E2-8159-211AE6ABC411}
		{F85BBCF4-B19B-464D-8627-91E1B12290B4} = {794B8C0F-11C9-49E2-8159-211AE6ABC411}
		{BA8AC0F8-A766-4B64-94E9-0EEA73EDD249} = {794B8C0F-11C9-49E2-8159-211AE6ABC411}
		{4CAE6523-CB81-4ED0-B929-61707668A2DB} = {794B8C0F-11C9-49E2-8159-211AE6ABC411}
	EndGlobalSection
	GlobalSection(ExtensibilityGlobals) = postSolution
		SolutionGuid = {40225ACD-B855-48F1-8543-64D2A99994E3}
	EndGlobalSection
EndGlobal
